
Microsoft Visual Studio Solution File, Format Version 12.00
# Visual Studio Version 18
VisualStudioVersion = 18.0.11010.61
MinimumVisualStudioVersion = 15.0.26124.0
Project("{9A19103F-16F7-4668-BE54-9A1E7A4F7556}") = "TechFood.Kitchen.Api", "src\TechFood.Kitchen.Api\TechFood.Kitchen.Api.csproj", "{8B1BD942-35AA-49B2-B5F2-5D5EF56EDD66}"
EndProject
Project("{9A19103F-16F7-4668-BE54-9A1E7A4F7556}") = "TechFood.Kitchen.Domain", "src\TechFood.Kitchen.Domain\TechFood.Kitchen.Domain.csproj", "{7A68BD09-3BED-4C0E-9188-EAC2FEBC0AEE}"
EndProject
Project("{9A19103F-16F7-4668-BE54-9A1E7A4F7556}") = "TechFood.Kitchen.Infra", "src\TechFood.Kitchen.Infra\TechFood.Kitchen.Infra.csproj", "{C48990EA-241C-42D4-9592-23CA0362570B}"
EndProject
Project("{9A19103F-16F7-4668-BE54-9A1E7A4F7556}") = "TechFood.Kitchen.Application", "src\TechFood.Kitchen.Application\TechFood.Kitchen.Application.csproj", "{7C0FDF26-D329-41E9-B142-746F3A5AA6ED}"
EndProject
Project("{2150E333-8FDC-42A3-9474-1A3956D46DE8}") = "src", "src", "{2999BE8A-2C03-4997-957A-66142629BCD5}"
EndProject
Project("{2150E333-8FDC-42A3-9474-1A3956D46DE8}") = "tests", "tests", "{44ED8342-082C-465B-A52B-92E35CFFF5FF}"
EndProject
Project("{2150E333-8FDC-42A3-9474-1A3956D46DE8}") = "_Solution Items", "_Solution Items", "{70942B41-08AF-4D88-A95A-31811AD32599}"
	ProjectSection(SolutionItems) = preProject
		.editorconfig = .editorconfig
	EndProjectSection
EndProject
Project("{9A19103F-16F7-4668-BE54-9A1E7A4F7556}") = "TechFood.Kitchen.Contracts", "src\TechFood.Kitchen.Contracts\TechFood.Kitchen.Contracts.csproj", "{AA7B4C3A-2008-40F3-B1F0-4EE748436520}"
EndProject
Project("{FAE04EC0-301F-11D3-BF4B-00C04F79EFBC}") = "TechFood.Kitchen.Domain.Tests", "tests\TechFood.Kitchen.Domain.Tests\TechFood.Kitchen.Domain.Tests.csproj", "{BF7E7DD1-B785-3666-C0AD-09591AC53D62}"
EndProject
Project("{FAE04EC0-301F-11D3-BF4B-00C04F79EFBC}") = "TechFood.Kitchen.Worker", "src\TechFood.Kitchen.Worker\TechFood.Kitchen.Worker.csproj", "{9DEC7699-02E5-4BCE-335F-03023EA7368F}"
EndProject
Project("{FAE04EC0-301F-11D3-BF4B-00C04F79EFBC}") = "TechFood.Kitchen.Application.Tests", "tests\TechFood.Kitchen.Application.Tests\TechFood.Kitchen.Application.Tests.csproj", "{F7FBFBBD-9FA0-4CEA-AE57-F50492F9EB97}"
EndProject
Project("{FAE04EC0-301F-11D3-BF4B-00C04F79EFBC}") = "TechFood.Kitchen.Integration.Tests", "tests\TechFood.Kitchen.Integration.Tests\TechFood.Kitchen.Integration.Tests.csproj", "{8C80942D-AB83-4DFD-BBB5-B4BAF2D6350A}"
EndProject
Project("{FAE04EC0-301F-11D3-BF4B-00C04F79EFBC}") = "TechFood.Kitchen.Api.Tests", "tests\TechFood.Kitchen.Api.Tests\TechFood.Kitchen.Api.Tests.csproj", "{68A76E35-C39D-4E7E-BC1A-6B8481E0EF5C}"
EndProject
Global
	GlobalSection(SolutionConfigurationPlatforms) = preSolution
		Debug|Any CPU = Debug|Any CPU
		Debug|x64 = Debug|x64
		Debug|x86 = Debug|x86
		Release|Any CPU = Release|Any CPU
		Release|x64 = Release|x64
		Release|x86 = Release|x86
	EndGlobalSection
	GlobalSection(ProjectConfigurationPlatforms) = postSolution
		{8B1BD942-35AA-49B2-B5F2-5D5EF56EDD66}.Debug|Any CPU.ActiveCfg = Debug|Any CPU
		{8B1BD942-35AA-49B2-B5F2-5D5EF56EDD66}.Debug|Any CPU.Build.0 = Debug|Any CPU
		{8B1BD942-35AA-49B2-B5F2-5D5EF56EDD66}.Debug|x64.ActiveCfg = Debug|Any CPU
		{8B1BD942-35AA-49B2-B5F2-5D5EF56EDD66}.Debug|x64.Build.0 = Debug|Any CPU
		{8B1BD942-35AA-49B2-B5F2-5D5EF56EDD66}.Debug|x86.ActiveCfg = Debug|Any CPU
		{8B1BD942-35AA-49B2-B5F2-5D5EF56EDD66}.Debug|x86.Build.0 = Debug|Any CPU
		{8B1BD942-35AA-49B2-B5F2-5D5EF56EDD66}.Release|Any CPU.ActiveCfg = Release|Any CPU
		{8B1BD942-35AA-49B2-B5F2-5D5EF56EDD66}.Release|Any CPU.Build.0 = Release|Any CPU
		{8B1BD942-35AA-49B2-B5F2-5D5EF56EDD66}.Release|x64.ActiveCfg = Release|Any CPU
		{8B1BD942-35AA-49B2-B5F2-5D5EF56EDD66}.Release|x64.Build.0 = Release|Any CPU
		{8B1BD942-35AA-49B2-B5F2-5D5EF56EDD66}.Release|x86.ActiveCfg = Release|Any CPU
		{8B1BD942-35AA-49B2-B5F2-5D5EF56EDD66}.Release|x86.Build.0 = Release|Any CPU
		{7A68BD09-3BED-4C0E-9188-EAC2FEBC0AEE}.Debug|Any CPU.ActiveCfg = Debug|Any CPU
		{7A68BD09-3BED-4C0E-9188-EAC2FEBC0AEE}.Debug|Any CPU.Build.0 = Debug|Any CPU
		{7A68BD09-3BED-4C0E-9188-EAC2FEBC0AEE}.Debug|x64.ActiveCfg = Debug|Any CPU
		{7A68BD09-3BED-4C0E-9188-EAC2FEBC0AEE}.Debug|x64.Build.0 = Debug|Any CPU
		{7A68BD09-3BED-4C0E-9188-EAC2FEBC0AEE}.Debug|x86.ActiveCfg = Debug|Any CPU
		{7A68BD09-3BED-4C0E-9188-EAC2FEBC0AEE}.Debug|x86.Build.0 = Debug|Any CPU
		{7A68BD09-3BED-4C0E-9188-EAC2FEBC0AEE}.Release|Any CPU.ActiveCfg = Release|Any CPU
		{7A68BD09-3BED-4C0E-9188-EAC2FEBC0AEE}.Release|Any CPU.Build.0 = Release|Any CPU
		{7A68BD09-3BED-4C0E-9188-EAC2FEBC0AEE}.Release|x64.ActiveCfg = Release|Any CPU
		{7A68BD09-3BED-4C0E-9188-EAC2FEBC0AEE}.Release|x64.Build.0 = Release|Any CPU
		{7A68BD09-3BED-4C0E-9188-EAC2FEBC0AEE}.Release|x86.ActiveCfg = Release|Any CPU
		{7A68BD09-3BED-4C0E-9188-EAC2FEBC0AEE}.Release|x86.Build.0 = Release|Any CPU
		{C48990EA-241C-42D4-9592-23CA0362570B}.Debug|Any CPU.ActiveCfg = Debug|Any CPU
		{C48990EA-241C-42D4-9592-23CA0362570B}.Debug|Any CPU.Build.0 = Debug|Any CPU
		{C48990EA-241C-42D4-9592-23CA0362570B}.Debug|x64.ActiveCfg = Debug|Any CPU
		{C48990EA-241C-42D4-9592-23CA0362570B}.Debug|x64.Build.0 = Debug|Any CPU
		{C48990EA-241C-42D4-9592-23CA0362570B}.Debug|x86.ActiveCfg = Debug|Any CPU
		{C48990EA-241C-42D4-9592-23CA0362570B}.Debug|x86.Build.0 = Debug|Any CPU
		{C48990EA-241C-42D4-9592-23CA0362570B}.Release|Any CPU.ActiveCfg = Release|Any CPU
		{C48990EA-241C-42D4-9592-23CA0362570B}.Release|Any CPU.Build.0 = Release|Any CPU
		{C48990EA-241C-42D4-9592-23CA0362570B}.Release|x64.ActiveCfg = Release|Any CPU
		{C48990EA-241C-42D4-9592-23CA0362570B}.Release|x64.Build.0 = Release|Any CPU
		{C48990EA-241C-42D4-9592-23CA0362570B}.Release|x86.ActiveCfg = Release|Any CPU
		{C48990EA-241C-42D4-9592-23CA0362570B}.Release|x86.Build.0 = Release|Any CPU
		{7C0FDF26-D329-41E9-B142-746F3A5AA6ED}.Debug|Any CPU.ActiveCfg = Debug|Any CPU
		{7C0FDF26-D329-41E9-B142-746F3A5AA6ED}.Debug|Any CPU.Build.0 = Debug|Any CPU
		{7C0FDF26-D329-41E9-B142-746F3A5AA6ED}.Debug|x64.ActiveCfg = Debug|Any CPU
		{7C0FDF26-D329-41E9-B142-746F3A5AA6ED}.Debug|x64.Build.0 = Debug|Any CPU
		{7C0FDF26-D329-41E9-B142-746F3A5AA6ED}.Debug|x86.ActiveCfg = Debug|Any CPU
		{7C0FDF26-D329-41E9-B142-746F3A5AA6ED}.Debug|x86.Build.0 = Debug|Any CPU
		{7C0FDF26-D329-41E9-B142-746F3A5AA6ED}.Release|Any CPU.ActiveCfg = Release|Any CPU
		{7C0FDF26-D329-41E9-B142-746F3A5AA6ED}.Release|Any CPU.Build.0 = Release|Any CPU
		{7C0FDF26-D329-41E9-B142-746F3A5AA6ED}.Release|x64.ActiveCfg = Release|Any CPU
		{7C0FDF26-D329-41E9-B142-746F3A5AA6ED}.Release|x64.Build.0 = Release|Any CPU
		{7C0FDF26-D329-41E9-B142-746F3A5AA6ED}.Release|x86.ActiveCfg = Release|Any CPU
		{7C0FDF26-D329-41E9-B142-746F3A5AA6ED}.Release|x86.Build.0 = Release|Any CPU
		{AA7B4C3A-2008-40F3-B1F0-4EE748436520}.Debug|Any CPU.ActiveCfg = Debug|Any CPU
		{AA7B4C3A-2008-40F3-B1F0-4EE748436520}.Debug|Any CPU.Build.0 = Debug|Any CPU
		{AA7B4C3A-2008-40F3-B1F0-4EE748436520}.Debug|x64.ActiveCfg = Debug|Any CPU
		{AA7B4C3A-2008-40F3-B1F0-4EE748436520}.Debug|x64.Build.0 = Debug|Any CPU
		{AA7B4C3A-2008-40F3-B1F0-4EE748436520}.Debug|x86.ActiveCfg = Debug|Any CPU
		{AA7B4C3A-2008-40F3-B1F0-4EE748436520}.Debug|x86.Build.0 = Debug|Any CPU
		{AA7B4C3A-2008-40F3-B1F0-4EE748436520}.Release|Any CPU.ActiveCfg = Release|Any CPU
		{AA7B4C3A-2008-40F3-B1F0-4EE748436520}.Release|Any CPU.Build.0 = Release|Any CPU
		{AA7B4C3A-2008-40F3-B1F0-4EE748436520}.Release|x64.ActiveCfg = Release|Any CPU
		{AA7B4C3A-2008-40F3-B1F0-4EE748436520}.Release|x64.Build.0 = Release|Any CPU
		{AA7B4C3A-2008-40F3-B1F0-4EE748436520}.Release|x86.ActiveCfg = Release|Any CPU
		{AA7B4C3A-2008-40F3-B1F0-4EE748436520}.Release|x86.Build.0 = Release|Any CPU
		{BF7E7DD1-B785-3666-C0AD-09591AC53D62}.Debug|Any CPU.ActiveCfg = Debug|Any CPU
		{BF7E7DD1-B785-3666-C0AD-09591AC53D62}.Debug|Any CPU.Build.0 = Debug|Any CPU
		{BF7E7DD1-B785-3666-C0AD-09591AC53D62}.Debug|x64.ActiveCfg = Debug|Any CPU
		{BF7E7DD1-B785-3666-C0AD-09591AC53D62}.Debug|x64.Build.0 = Debug|Any CPU
		{BF7E7DD1-B785-3666-C0AD-09591AC53D62}.Debug|x86.ActiveCfg = Debug|Any CPU
		{BF7E7DD1-B785-3666-C0AD-09591AC53D62}.Debug|x86.Build.0 = Debug|Any CPU
		{BF7E7DD1-B785-3666-C0AD-09591AC53D62}.Release|Any CPU.ActiveCfg = Release|Any CPU
		{BF7E7DD1-B785-3666-C0AD-09591AC53D62}.Release|Any CPU.Build.0 = Release|Any CPU
		{BF7E7DD1-B785-3666-C0AD-09591AC53D62}.Release|x64.ActiveCfg = Release|Any CPU
		{BF7E7DD1-B785-3666-C0AD-09591AC53D62}.Release|x64.Build.0 = Release|Any CPU
		{BF7E7DD1-B785-3666-C0AD-09591AC53D62}.Release|x86.ActiveCfg = Release|Any CPU
		{BF7E7DD1-B785-3666-C0AD-09591AC53D62}.Release|x86.Build.0 = Release|Any CPU
		{9DEC7699-02E5-4BCE-335F-03023EA7368F}.Debug|Any CPU.ActiveCfg = Debug|Any CPU
		{9DEC7699-02E5-4BCE-335F-03023EA7368F}.Debug|Any CPU.Build.0 = Debug|Any CPU
		{9DEC7699-02E5-4BCE-335F-03023EA7368F}.Debug|x64.ActiveCfg = Debug|Any CPU
		{9DEC7699-02E5-4BCE-335F-03023EA7368F}.Debug|x64.Build.0 = Debug|Any CPU
		{9DEC7699-02E5-4BCE-335F-03023EA7368F}.Debug|x86.ActiveCfg = Debug|Any CPU
		{9DEC7699-02E5-4BCE-335F-03023EA7368F}.Debug|x86.Build.0 = Debug|Any CPU
		{9DEC7699-02E5-4BCE-335F-03023EA7368F}.Release|Any CPU.ActiveCfg = Release|Any CPU
		{9DEC7699-02E5-4BCE-335F-03023EA7368F}.Release|Any CPU.Build.0 = Release|Any CPU
		{9DEC7699-02E5-4BCE-335F-03023EA7368F}.Release|x64.ActiveCfg = Release|Any CPU
		{9DEC7699-02E5-4BCE-335F-03023EA7368F}.Release|x64.Build.0 = Release|Any CPU
		{9DEC7699-02E5-4BCE-335F-03023EA7368F}.Release|x86.ActiveCfg = Release|Any CPU
		{9DEC7699-02E5-4BCE-335F-03023EA7368F}.Release|x86.Build.0 = Release|Any CPU
		{F7FBFBBD-9FA0-4CEA-AE57-F50492F9EB97}.Debug|Any CPU.ActiveCfg = Debug|Any CPU
		{F7FBFBBD-9FA0-4CEA-AE57-F50492F9EB97}.Debug|Any CPU.Build.0 = Debug|Any CPU
		{F7FBFBBD-9FA0-4CEA-AE57-F50492F9EB97}.Debug|x64.ActiveCfg = Debug|Any CPU
		{F7FBFBBD-9FA0-4CEA-AE57-F50492F9EB97}.Debug|x64.Build.0 = Debug|Any CPU
		{F7FBFBBD-9FA0-4CEA-AE57-F50492F9EB97}.Debug|x86.ActiveCfg = Debug|Any CPU
		{F7FBFBBD-9FA0-4CEA-AE57-F50492F9EB97}.Debug|x86.Build.0 = Debug|Any CPU
		{F7FBFBBD-9FA0-4CEA-AE57-F50492F9EB97}.Release|Any CPU.ActiveCfg = Release|Any CPU
		{F7FBFBBD-9FA0-4CEA-AE57-F50492F9EB97}.Release|Any CPU.Build.0 = Release|Any CPU
		{F7FBFBBD-9FA0-4CEA-AE57-F50492F9EB97}.Release|x64.ActiveCfg = Release|Any CPU
		{F7FBFBBD-9FA0-4CEA-AE57-F50492F9EB97}.Release|x64.Build.0 = Release|Any CPU
		{F7FBFBBD-9FA0-4CEA-AE57-F50492F9EB97}.Release|x86.ActiveCfg = Release|Any CPU
		{F7FBFBBD-9FA0-4CEA-AE57-F50492F9EB97}.Release|x86.Build.0 = Release|Any CPU
		{8C80942D-AB83-4DFD-BBB5-B4BAF2D6350A}.Debug|Any CPU.ActiveCfg = Debug|Any CPU
		{8C80942D-AB83-4DFD-BBB5-B4BAF2D6350A}.Debug|Any CPU.Build.0 = Debug|Any CPU
		{8C80942D-AB83-4DFD-BBB5-B4BAF2D6350A}.Debug|x64.ActiveCfg = Debug|Any CPU
		{8C80942D-AB83-4DFD-BBB5-B4BAF2D6350A}.Debug|x64.Build.0 = Debug|Any CPU
		{8C80942D-AB83-4DFD-BBB5-B4BAF2D6350A}.Debug|x86.ActiveCfg = Debug|Any CPU
		{8C80942D-AB83-4DFD-BBB5-B4BAF2D6350A}.Debug|x86.Build.0 = Debug|Any CPU
		{8C80942D-AB83-4DFD-BBB5-B4BAF2D6350A}.Release|Any CPU.ActiveCfg = Release|Any CPU
		{8C80942D-AB83-4DFD-BBB5-B4BAF2D6350A}.Release|Any CPU.Build.0 = Release|Any CPU
		{8C80942D-AB83-4DFD-BBB5-B4BAF2D6350A}.Release|x64.ActiveCfg = Release|Any CPU
		{8C80942D-AB83-4DFD-BBB5-B4BAF2D6350A}.Release|x64.Build.0 = Release|Any CPU
		{8C80942D-AB83-4DFD-BBB5-B4BAF2D6350A}.Release|x86.ActiveCfg = Release|Any CPU
		{8C80942D-AB83-4DFD-BBB5-B4BAF2D6350A}.Release|x86.Build.0 = Release|Any CPU
		{68A76E35-C39D-4E7E-BC1A-6B8481E0EF5C}.Debug|Any CPU.ActiveCfg = Debug|Any CPU
		{68A76E35-C39D-4E7E-BC1A-6B8481E0EF5C}.Debug|Any CPU.Build.0 = Debug|Any CPU
		{68A76E35-C39D-4E7E-BC1A-6B8481E0EF5C}.Debug|x64.ActiveCfg = Debug|Any CPU
		{68A76E35-C39D-4E7E-BC1A-6B8481E0EF5C}.Debug|x64.Build.0 = Debug|Any CPU
		{68A76E35-C39D-4E7E-BC1A-6B8481E0EF5C}.Debug|x86.ActiveCfg = Debug|Any CPU
		{68A76E35-C39D-4E7E-BC1A-6B8481E0EF5C}.Debug|x86.Build.0 = Debug|Any CPU
		{68A76E35-C39D-4E7E-BC1A-6B8481E0EF5C}.Release|Any CPU.ActiveCfg = Release|Any CPU
		{68A76E35-C39D-4E7E-BC1A-6B8481E0EF5C}.Release|Any CPU.Build.0 = Release|Any CPU
		{68A76E35-C39D-4E7E-BC1A-6B8481E0EF5C}.Release|x64.ActiveCfg = Release|Any CPU
		{68A76E35-C39D-4E7E-BC1A-6B8481E0EF5C}.Release|x64.Build.0 = Release|Any CPU
		{68A76E35-C39D-4E7E-BC1A-6B8481E0EF5C}.Release|x86.ActiveCfg = Release|Any CPU
		{68A76E35-C39D-4E7E-BC1A-6B8481E0EF5C}.Release|x86.Build.0 = Release|Any CPU
	EndGlobalSection
	GlobalSection(SolutionProperties) = preSolution
		HideSolutionNode = FALSE
	EndGlobalSection
	GlobalSection(NestedProjects) = preSolution
		{8B1BD942-35AA-49B2-B5F2-5D5EF56EDD66} = {2999BE8A-2C03-4997-957A-66142629BCD5}
		{7A68BD09-3BED-4C0E-9188-EAC2FEBC0AEE} = {2999BE8A-2C03-4997-957A-66142629BCD5}
		{C48990EA-241C-42D4-9592-23CA0362570B} = {2999BE8A-2C03-4997-957A-66142629BCD5}
		{7C0FDF26-D329-41E9-B142-746F3A5AA6ED} = {2999BE8A-2C03-4997-957A-66142629BCD5}
		{AA7B4C3A-2008-40F3-B1F0-4EE748436520} = {2999BE8A-2C03-4997-957A-66142629BCD5}
		{BF7E7DD1-B785-3666-C0AD-09591AC53D62} = {44ED8342-082C-465B-A52B-92E35CFFF5FF}
		{9DEC7699-02E5-4BCE-335F-03023EA7368F} = {2999BE8A-2C03-4997-957A-66142629BCD5}
		{F7FBFBBD-9FA0-4CEA-AE57-F50492F9EB97} = {44ED8342-082C-465B-A52B-92E35CFFF5FF}
		{8C80942D-AB83-4DFD-BBB5-B4BAF2D6350A} = {44ED8342-082C-465B-A52B-92E35CFFF5FF}
		{68A76E35-C39D-4E7E-BC1A-6B8481E0EF5C} = {44ED8342-082C-465B-A52B-92E35CFFF5FF}
	EndGlobalSection
	GlobalSection(ExtensibilityGlobals) = postSolution
		SolutionGuid = {08492C5F-0B0F-4434-9AAF-5ED0298B15BF}
	EndGlobalSection
EndGlobal
